
Microsoft Visual Studio Solution File, Format Version 12.00
# Visual Studio Version 16
VisualStudioVersion = 16.0.30413.136
MinimumVisualStudioVersion = 10.0.40219.1
Project("{FAE04EC0-301F-11D3-BF4B-00C04F79EFBC}") = "Technical 3B", "Technical 3B.csproj", "{28FA8BA9-CA71-4194-BA17-94B72FE310EE}"
EndProject
Global
	GlobalSection(SolutionConfigurationPlatforms) = preSolution
		Debug|Any CPU = Debug|Any CPU
		Release|Any CPU = Release|Any CPU
	EndGlobalSection
	GlobalSection(ProjectConfigurationPlatforms) = postSolution
		{28FA8BA9-CA71-4194-BA17-94B72FE310EE}.Debug|Any CPU.ActiveCfg = Debug|Any CPU
		{28FA8BA9-CA71-4194-BA17-94B72FE310EE}.Debug|Any CPU.Build.0 = Debug|Any CPU
		{28FA8BA9-CA71-4194-BA17-94B72FE310EE}.Release|Any CPU.ActiveCfg = Release|Any CPU
		{28FA8BA9-CA71-4194-BA17-94B72FE310EE}.Release|Any CPU.Build.0 = Release|Any CPU
	EndGlobalSection
	GlobalSection(SolutionProperties) = preSolution
		HideSolutionNode = FALSE
	EndGlobalSection
	GlobalSection(ExtensibilityGlobals) = postSolution
		SolutionGuid = {0E043E4D-FF6B-45B7-82CB-1DD9E25157F9}
	EndGlobalSection
EndGlobal
